// !$*UTF8*$!
{
	archiveVersion = 1;
	classes = {
	};
	objectVersion = 50;
	objects = {

/* Begin PBXBuildFile section */
		52CC5A9321FDE0330066622B /* AppDelegate.swift in Sources */ = {isa = PBXBuildFile; fileRef = 52CC5A9221FDE0330066622B /* AppDelegate.swift */; };
		52CC5A9521FDE0330066622B /* ViewController.swift in Sources */ = {isa = PBXBuildFile; fileRef = 52CC5A9421FDE0330066622B /* ViewController.swift */; };
		52CC5A9821FDE0330066622B /* Main.storyboard in Resources */ = {isa = PBXBuildFile; fileRef = 52CC5A9621FDE0330066622B /* Main.storyboard */; };
		52CC5A9A21FDE0330066622B /* Assets.xcassets in Resources */ = {isa = PBXBuildFile; fileRef = 52CC5A9921FDE0330066622B /* Assets.xcassets */; };
		52CC5A9D21FDE0330066622B /* LaunchScreen.storyboard in Resources */ = {isa = PBXBuildFile; fileRef = 52CC5A9B21FDE0330066622B /* LaunchScreen.storyboard */; };
		52CC5AA721FDEBB40066622B /* PlayerButton.swift in Sources */ = {isa = PBXBuildFile; fileRef = 52CC5AA621FDEBB40066622B /* PlayerButton.swift */; };
		52CC5AA921FE01100066622B /* Track.swift in Sources */ = {isa = PBXBuildFile; fileRef = 52CC5AA821FE01100066622B /* Track.swift */; };
		52CC5AAB21FE078A0066622B /* TrackTableViewCell.swift in Sources */ = {isa = PBXBuildFile; fileRef = 52CC5AAA21FE078A0066622B /* TrackTableViewCell.swift */; };
/* End PBXBuildFile section */

/* Begin PBXFileReference section */
		52CC5A8F21FDE0330066622B /* iTunes Previews.app */ = {isa = PBXFileReference; explicitFileType = wrapper.application; includeInIndex = 0; path = "iTunes Previews.app"; sourceTree = BUILT_PRODUCTS_DIR; };
		52CC5A9221FDE0330066622B /* AppDelegate.swift */ = {isa = PBXFileReference; lastKnownFileType = sourcecode.swift; path = AppDelegate.swift; sourceTree = "<group>"; };
		52CC5A9421FDE0330066622B /* ViewController.swift */ = {isa = PBXFileReference; lastKnownFileType = sourcecode.swift; path = ViewController.swift; sourceTree = "<group>"; };
		52CC5A9721FDE0330066622B /* Base */ = {isa = PBXFileReference; lastKnownFileType = file.storyboard; name = Base; path = Base.lproj/Main.storyboard; sourceTree = "<group>"; };
		52CC5A9921FDE0330066622B /* Assets.xcassets */ = {isa = PBXFileReference; lastKnownFileType = folder.assetcatalog; path = Assets.xcassets; sourceTree = "<group>"; };
		52CC5A9C21FDE0330066622B /* Base */ = {isa = PBXFileReference; lastKnownFileType = file.storyboard; name = Base; path = Base.lproj/LaunchScreen.storyboard; sourceTree = "<group>"; };
		52CC5A9E21FDE0330066622B /* Info.plist */ = {isa = PBXFileReference; lastKnownFileType = text.plist.xml; path = Info.plist; sourceTree = "<group>"; };
		52CC5AA621FDEBB40066622B /* PlayerButton.swift */ = {isa = PBXFileReference; lastKnownFileType = sourcecode.swift; path = PlayerButton.swift; sourceTree = "<group>"; };
		52CC5AA821FE01100066622B /* Track.swift */ = {isa = PBXFileReference; lastKnownFileType = sourcecode.swift; path = Track.swift; sourceTree = "<group>"; };
		52CC5AAA21FE078A0066622B /* TrackTableViewCell.swift */ = {isa = PBXFileReference; lastKnownFileType = sourcecode.swift; path = TrackTableViewCell.swift; sourceTree = "<group>"; };
/* End PBXFileReference section */

/* Begin PBXFrameworksBuildPhase section */
		52CC5A8C21FDE0330066622B /* Frameworks */ = {
			isa = PBXFrameworksBuildPhase;
			buildActionMask = 2147483647;
			files = (
			);
			runOnlyForDeploymentPostprocessing = 0;
		};
/* End PBXFrameworksBuildPhase section */

/* Begin PBXGroup section */
		52CC5A8621FDE0330066622B = {
			isa = PBXGroup;
			children = (
				52CC5A9121FDE0330066622B /* iTunes Previews */,
				52CC5A9021FDE0330066622B /* Products */,
			);
			sourceTree = "<group>";
		};
		52CC5A9021FDE0330066622B /* Products */ = {
			isa = PBXGroup;
			children = (
				52CC5A8F21FDE0330066622B /* iTunes Previews.app */,
			);
			name = Products;
			sourceTree = "<group>";
		};
		52CC5A9121FDE0330066622B /* iTunes Previews */ = {
			isa = PBXGroup;
			children = (
				52CC5A9221FDE0330066622B /* AppDelegate.swift */,
				52CC5A9421FDE0330066622B /* ViewController.swift */,
				52CC5A9621FDE0330066622B /* Main.storyboard */,
				52CC5AAA21FE078A0066622B /* TrackTableViewCell.swift */,
				52CC5AA821FE01100066622B /* Track.swift */,
				52CC5AA621FDEBB40066622B /* PlayerButton.swift */,
				52CC5A9921FDE0330066622B /* Assets.xcassets */,
				52CC5A9B21FDE0330066622B /* LaunchScreen.storyboard */,
				52CC5A9E21FDE0330066622B /* Info.plist */,
			);
			path = "iTunes Previews";
			sourceTree = "<group>";
		};
/* End PBXGroup section */

/* Begin PBXNativeTarget section */
		52CC5A8E21FDE0330066622B /* iTunes Previews */ = {
			isa = PBXNativeTarget;
			buildConfigurationList = 52CC5AA121FDE0330066622B /* Build configuration list for PBXNativeTarget "iTunes Previews" */;
			buildPhases = (
				52CC5A8B21FDE0330066622B /* Sources */,
				52CC5A8C21FDE0330066622B /* Frameworks */,
				52CC5A8D21FDE0330066622B /* Resources */,
			);
			buildRules = (
			);
			dependencies = (
			);
			name = "iTunes Previews";
			productName = "iTunes Previews";
			productReference = 52CC5A8F21FDE0330066622B /* iTunes Previews.app */;
			productType = "com.apple.product-type.application";
		};
/* End PBXNativeTarget section */

/* Begin PBXProject section */
		52CC5A8721FDE0330066622B /* Project object */ = {
			isa = PBXProject;
			attributes = {
				LastSwiftUpdateCheck = 1010;
				LastUpgradeCheck = 1010;
				ORGANIZATIONNAME = "Polina Dulko";
				TargetAttributes = {
					52CC5A8E21FDE0330066622B = {
						CreatedOnToolsVersion = 10.1;
					};
				};
			};
			buildConfigurationList = 52CC5A8A21FDE0330066622B /* Build configuration list for PBXProject "iTunes Previews" */;
			compatibilityVersion = "Xcode 9.3";
			developmentRegion = en;
			hasScannedForEncodings = 0;
			knownRegions = (
				en,
				Base,
			);
			mainGroup = 52CC5A8621FDE0330066622B;
			productRefGroup = 52CC5A9021FDE0330066622B /* Products */;
			projectDirPath = "";
			projectRoot = "";
			targets = (
				52CC5A8E21FDE0330066622B /* iTunes Previews */,
			);
		};
/* End PBXProject section */

/* Begin PBXResourcesBuildPhase section */
		52CC5A8D21FDE0330066622B /* Resources */ = {
			isa = PBXResourcesBuildPhase;
			buildActionMask = 2147483647;
			files = (
				52CC5A9D21FDE0330066622B /* LaunchScreen.storyboard in Resources */,
				52CC5A9A21FDE0330066622B /* Assets.xcassets in Resources */,
				52CC5A9821FDE0330066622B /* Main.storyboard in Resources */,
			);
			runOnlyForDeploymentPostprocessing = 0;
		};
/* End PBXResourcesBuildPhase section */

/* Begin PBXSourcesBuildPhase section */
		52CC5A8B21FDE0330066622B /* Sources */ = {
			isa = PBXSourcesBuildPhase;
			buildActionMask = 2147483647;
			files = (
				52CC5AAB21FE078A0066622B /* TrackTableViewCell.swift in Sources */,
				52CC5AA721FDEBB40066622B /* PlayerButton.swift in Sources */,
				52CC5A9521FDE0330066622B /* ViewController.swift in Sources */,
				52CC5A9321FDE0330066622B /* AppDelegate.swift in Sources */,
				52CC5AA921FE01100066622B /* Track.swift in Sources */,
			);
			runOnlyForDeploymentPostprocessing = 0;
		};
/* End PBXSourcesBuildPhase section */

/* Begin PBXVariantGroup section */
		52CC5A9621FDE0330066622B /* Main.storyboard */ = {
			isa = PBXVariantGroup;
			children = (
				52CC5A9721FDE0330066622B /* Base */,
			);
			name = Main.storyboard;
			sourceTree = "<group>";
		};
		52CC5A9B21FDE0330066622B /* LaunchScreen.storyboard */ = {
			isa = PBXVariantGroup;
			children = (
				52CC5A9C21FDE0330066622B /* Base */,
			);
			name = LaunchScreen.storyboard;
			sourceTree = "<group>";
		};
/* End PBXVariantGroup section */

/* Begin XCBuildConfiguration section */
		52CC5A9F21FDE0330066622B /* Debug */ = {
			isa = XCBuildConfiguration;
			buildSettings = {
				ALWAYS_SEARCH_USER_PATHS = NO;
				CLANG_ANALYZER_NONNULL = YES;
				CLANG_ANALYZER_NUMBER_OBJECT_CONVERSION = YES_AGGRESSIVE;
				CLANG_CXX_LANGUAGE_STANDARD = "gnu++14";
				CLANG_CXX_LIBRARY = "libc++";
				CLANG_ENABLE_MODULES = YES;
				CLANG_ENABLE_OBJC_ARC = YES;
				CLANG_ENABLE_OBJC_WEAK = YES;
				CLANG_WARN_BLOCK_CAPTURE_AUTORELEASING = YES;
				CLANG_WARN_BOOL_CONVERSION = YES;
				CLANG_WARN_COMMA = YES;
				CLANG_WARN_CONSTANT_CONVERSION = YES;
				CLANG_WARN_DEPRECATED_OBJC_IMPLEMENTATIONS = YES;
				CLANG_WARN_DIRECT_OBJC_ISA_USAGE = YES_ERROR;
				CLANG_WARN_DOCUMENTATION_COMMENTS = YES;
				CLANG_WARN_EMPTY_BODY = YES;
				CLANG_WARN_ENUM_CONVERSION = YES;
				CLANG_WARN_INFINITE_RECURSION = YES;
				CLANG_WARN_INT_CONVERSION = YES;
				CLANG_WARN_NON_LITERAL_NULL_CONVERSION = YES;
				CLANG_WARN_OBJC_IMPLICIT_RETAIN_SELF = YES;
				CLANG_WARN_OBJC_LITERAL_CONVERSION = YES;
				CLANG_WARN_OBJC_ROOT_CLASS = YES_ERROR;
				CLANG_WARN_RANGE_LOOP_ANALYSIS = YES;
				CLANG_WARN_STRICT_PROTOTYPES = YES;
				CLANG_WARN_SUSPICIOUS_MOVE = YES;
				CLANG_WARN_UNGUARDED_AVAILABILITY = YES_AGGRESSIVE;
				CLANG_WARN_UNREACHABLE_CODE = YES;
				CLANG_WARN__DUPLICATE_METHOD_MATCH = YES;
				CODE_SIGN_IDENTITY = "iPhone Developer";
				COPY_PHASE_STRIP = NO;
				DEBUG_INFORMATION_FORMAT = dwarf;
				ENABLE_STRICT_OBJC_MSGSEND = YES;
				ENABLE_TESTABILITY = YES;
				GCC_C_LANGUAGE_STANDARD = gnu11;
				GCC_DYNAMIC_NO_PIC = NO;
				GCC_NO_COMMON_BLOCKS = YES;
				GCC_OPTIMIZATION_LEVEL = 0;
				GCC_PREPROCESSOR_DEFINITIONS = (
					"DEBUG=1",
					"$(inherited)",
				);
				GCC_WARN_64_TO_32_BIT_CONVERSION = YES;
				GCC_WARN_ABOUT_RETURN_TYPE = YES_ERROR;
				GCC_WARN_UNDECLARED_SELECTOR = YES;
				GCC_WARN_UNINITIALIZED_AUTOS = YES_AGGRESSIVE;
				GCC_WARN_UNUSED_FUNCTION = YES;
				GCC_WARN_UNUSED_VARIABLE = YES;
				IPHONEOS_DEPLOYMENT_TARGET = 12.1;
				MTL_ENABLE_DEBUG_INFO = INCLUDE_SOURCE;
				MTL_FAST_MATH = YES;
				ONLY_ACTIVE_ARCH = YES;
				SDKROOT = iphoneos;
				SWIFT_ACTIVE_COMPILATION_CONDITIONS = DEBUG;
				SWIFT_OPTIMIZATION_LEVEL = "-Onone";
			};
			name = Debug;
		};
		52CC5AA021FDE0330066622B /* Release */ = {
			isa = XCBuildConfiguration;
			buildSettings = {
				ALWAYS_SEARCH_USER_PATHS = NO;
				CLANG_ANALYZER_NONNULL = YES;
				CLANG_ANALYZER_NUMBER_OBJECT_CONVERSION = YES_AGGRESSIVE;
				CLANG_CXX_LANGUAGE_STANDARD = "gnu++14";
				CLANG_CXX_LIBRARY = "libc++";
				CLANG_ENABLE_MODULES = YES;
				CLANG_ENABLE_OBJC_ARC = YES;
				CLANG_ENABLE_OBJC_WEAK = YES;
				CLANG_WARN_BLOCK_CAPTURE_AUTORELEASING = YES;
				CLANG_WARN_BOOL_CONVERSION = YES;
				CLANG_WARN_COMMA = YES;
				CLANG_WARN_CONSTANT_CONVERSION = YES;
				CLANG_WARN_DEPRECATED_OBJC_IMPLEMENTATIONS = YES;
				CLANG_WARN_DIRECT_OBJC_ISA_USAGE = YES_ERROR;
				CLANG_WARN_DOCUMENTATION_COMMENTS = YES;
				CLANG_WARN_EMPTY_BODY = YES;
				CLANG_WARN_ENUM_CONVERSION = YES;
				CLANG_WARN_INFINITE_RECURSION = YES;
				CLANG_WARN_INT_CONVERSION = YES;
				CLANG_WARN_NON_LITERAL_NULL_CONVERSION = YES;
				CLANG_WARN_OBJC_IMPLICIT_RETAIN_SELF = YES;
				CLANG_WARN_OBJC_LITERAL_CONVERSION = YES;
				CLANG_WARN_OBJC_ROOT_CLASS = YES_ERROR;
				CLANG_WARN_RANGE_LOOP_ANALYSIS = YES;
				CLANG_WARN_STRICT_PROTOTYPES = YES;
				CLANG_WARN_SUSPICIOUS_MOVE = YES;
				CLANG_WARN_UNGUARDED_AVAILABILITY = YES_AGGRESSIVE;
				CLANG_WARN_UNREACHABLE_CODE = YES;
				CLANG_WARN__DUPLICATE_METHOD_MATCH = YES;
				CODE_SIGN_IDENTITY = "iPhone Developer";
				COPY_PHASE_STRIP = NO;
				DEBUG_INFORMATION_FORMAT = "dwarf-with-dsym";
				ENABLE_NS_ASSERTIONS = NO;
				ENABLE_STRICT_OBJC_MSGSEND = YES;
				GCC_C_LANGUAGE_STANDARD = gnu11;
				GCC_NO_COMMON_BLOCKS = YES;
				GCC_WARN_64_TO_32_BIT_CONVERSION = YES;
				GCC_WARN_ABOUT_RETURN_TYPE = YES_ERROR;
				GCC_WARN_UNDECLARED_SELECTOR = YES;
				GCC_WARN_UNINITIALIZED_AUTOS = YES_AGGRESSIVE;
				GCC_WARN_UNUSED_FUNCTION = YES;
				GCC_WARN_UNUSED_VARIABLE = YES;
				IPHONEOS_DEPLOYMENT_TARGET = 12.1;
				MTL_ENABLE_DEBUG_INFO = NO;
				MTL_FAST_MATH = YES;
				SDKROOT = iphoneos;
				SWIFT_COMPILATION_MODE = wholemodule;
				SWIFT_OPTIMIZATION_LEVEL = "-O";
				VALIDATE_PRODUCT = YES;
			};
			name = Release;
		};
		52CC5AA221FDE0330066622B /* Debug */ = {
			isa = XCBuildConfiguration;
			buildSettings = {
				ASSETCATALOG_COMPILER_APPICON_NAME = AppIcon;
				CODE_SIGN_STYLE = Automatic;
				DEVELOPMENT_TEAM = P2Y7BAN599;
				INFOPLIST_FILE = "iTunes Previews/Info.plist";
				LD_RUNPATH_SEARCH_PATHS = (
					"$(inherited)",
					"@executable_path/Frameworks",
				);
				PRODUCT_BUNDLE_IDENTIFIER = "com.polinadulko.iTunes-Previews";
				PRODUCT_NAME = "$(TARGET_NAME)";
				SWIFT_VERSION = 4.2;
				TARGETED_DEVICE_FAMILY = "1,2";
			};
			name = Debug;
		};
		52CC5AA321FDE0330066622B /* Release */ = {
			isa = XCBuildConfiguration;
			buildSettings = {
				ASSETCATALOG_COMPILER_APPICON_NAME = AppIcon;
				CODE_SIGN_STYLE = Automatic;
				DEVELOPMENT_TEAM = P2Y7BAN599;
				INFOPLIST_FILE = "iTunes Previews/Info.plist";
				LD_RUNPATH_SEARCH_PATHS = (
					"$(inherited)",
					"@executable_path/Frameworks",
				);
				PRODUCT_BUNDLE_IDENTIFIER = "com.polinadulko.iTunes-Previews";
				PRODUCT_NAME = "$(TARGET_NAME)";
				SWIFT_VERSION = 4.2;
				TARGETED_DEVICE_FAMILY = "1,2";
			};
			name = Release;
		};
/* End XCBuildConfiguration section */

/* Begin XCConfigurationList section */
		52CC5A8A21FDE0330066622B /* Build configuration list for PBXProject "iTunes Previews" */ = {
			isa = XCConfigurationList;
			buildConfigurations = (
				52CC5A9F21FDE0330066622B /* Debug */,
				52CC5AA021FDE0330066622B /* Release */,
			);
			defaultConfigurationIsVisible = 0;
			defaultConfigurationName = Release;
		};
		52CC5AA121FDE0330066622B /* Build configuration list for PBXNativeTarget "iTunes Previews" */ = {
			isa = XCConfigurationList;
			buildConfigurations = (
				52CC5AA221FDE0330066622B /* Debug */,
				52CC5AA321FDE0330066622B /* Release */,
			);
			defaultConfigurationIsVisible = 0;
			defaultConfigurationName = Release;
		};
/* End XCConfigurationList section */
	};
	rootObject = 52CC5A8721FDE0330066622B /* Project object */;
}
